{
  "requires": true,
  "lockfileVersion": 1,
  "dependencies": {
    "@angular/google-maps": {
      "version": "11.0.3",
      "resolved": "https://registry.npmjs.org/@angular/google-maps/-/google-maps-11.0.3.tgz",
      "integrity": "sha512-noSDVk3p+yl0E1H4r6dqoDRMBvw25Wzx+Q+u4dUF5HS8gJ/IIlerif4t0VK6jxBNzAyjBFN9Nqt8sxcb3dOyTw==",
      "requires": {
        "@types/googlemaps": "^3.39.3",
        "tslib": "^2.0.0"
      }
    },
    "@types/googlemaps": {
      "version": "3.43.1",
      "resolved": "https://registry.npmjs.org/@types/googlemaps/-/googlemaps-3.43.1.tgz",
      "integrity": "sha512-0fLZrXDMx/spPbn0YVae0YVxwd2tAdWvA4RrjIy4s4k77DEGUJJYks7AAEW8fHGAoTwu0LmGvO3NsJAPjXRAJw=="
    },
    "tslib": {
      "version": "2.1.0",
      "resolved": "https://registry.npmjs.org/tslib/-/tslib-2.1.0.tgz",
      "integrity": "sha512-hcVC3wYEziELGGmEEXue7D75zbwIIVUMWAVbHItGPx0ziyXxrOMQx4rQEVEV45Ut/1IotuEvwqPopzIOkDMf0A=="
    }
  }
}
